<?xml version="1.0" encoding="UTF-8" standalone="yes" ?>
<CodeBlocks_project_file>
	<FileVersion major="1" minor="6" />
	<Project>
		<Option title="xmol" />
		<Option pch_mode="2" />
		<Option compiler="gcc" />
		<Build>
			<Target title="Release">
				<Option output="../../bin/xmolview" prefix_auto="1" extension_auto="1" />
				<Option object_output="obj/Release/" />
				<Option type="0" />
				<Option compiler="gcc" />
				<Compiler>
					<Add option="-O2" />
					<Add option="-W" />
					<Add option="-fexceptions" />
					<Add option="-finline-functions" />
					<Add option="-DWIN32" />
					<Add option="-DNDEBUG" />
					<Add option="-D_WINDOWS" />
					<Add option="-D_CRT_SECURE_NO_DEPRECATE" />
					<Add option="-D_CRT_NONSTDC_NO_DEPRECATE" />
					<Add option="-DWIN32_LEAN_AND_MEAN" />
					<Add option="-DVC_EXTRA_LEAN" />
					<Add option="-DWIN32_EXTRA_LEAN" />
					<Add directory="../../include" />
					<Add directory="C:/Users/torrese/Documents/Programing/include" />
					<Add directory="C:/Users/torrese/Documents/Programing/lib/fltk-1.3.3" />
					<Add directory="C:/Users/torrese/Documents/Programing/lib/fltk-1.3.3/lib" />
				</Compiler>
				<Linker>
					<Add option="-s" />
					<Add library="fltk" />
					<Add library="fltk_gl" />
					<Add library="kernel32" />
					<Add library="user32" />
					<Add library="opengl32" />
					<Add library="glu32" />
					<Add library="ole32" />
					<Add library="uuid" />
					<Add library="advapi32" />
					<Add library="gdi32" />
					<Add library="comctl32" />
					<Add directory="C:/Users/torrese/Documents/Programing/lib/fltk-1.3.3/lib" />
				</Linker>
			</Target>
		</Build>
		<Compiler>
			<Add option="-Wall" />
		</Compiler>
		<Linker>
			<Add library="gdi32" />
			<Add library="user32" />
			<Add library="kernel32" />
			<Add library="comctl32" />
		</Linker>
		<Unit filename="../../include/atom_color.h" />
		<Unit filename="../../include/atom_name.h" />
		<Unit filename="../../include/atom_symbol.h" />
		<Unit filename="../../include/cdlp.h" />
		<Unit filename="../../include/cfile.h" />
		<Unit filename="../../include/cfragment.h" />
		<Unit filename="../../include/cgau.h" />
		<Unit filename="../../include/cmapcell.h" />
		<Unit filename="../../include/config_debug.h" />
		<Unit filename="../../include/cpalette.h" />
		<Unit filename="../../include/cpdb.h" />
		<Unit filename="../../include/cposcar.h" />
		<Unit filename="../../include/cpotcar.h" />
		<Unit filename="../../include/csupercell.h" />
		<Unit filename="../../include/ctopmol.h" />
		<Unit filename="../../include/cviewmol.h" />
		<Unit filename="../../include/cxyz.h" />
		<Unit filename="../../include/czmat.h" />
		<Unit filename="../../include/fl_gl_atom.h" />
		<Unit filename="../../include/fl_gl_mol_view.h" />
		<Unit filename="../../include/fl_table.h" />
		<Unit filename="../../include/fl_xmol_view.h" />
		<Unit filename="../../include/global.h" />
		<Unit filename="../../include/sphere.h" />
		<Unit filename="../../include/stroke.h" />
		<Unit filename="../../include/version.h" />
		<Unit filename="../../src/cdlp.cxx" />
		<Unit filename="../../src/cfile.cxx" />
		<Unit filename="../../src/cfragment.cxx" />
		<Unit filename="../../src/cgau.cxx" />
		<Unit filename="../../src/cmapcell.cxx" />
		<Unit filename="../../src/cpalette.cxx" />
		<Unit filename="../../src/cpdb.cxx" />
		<Unit filename="../../src/cposcar.cxx" />
		<Unit filename="../../src/cpotcar.cxx" />
		<Unit filename="../../src/csupercell.cxx" />
		<Unit filename="../../src/ctopmol.cxx" />
		<Unit filename="../../src/cviewmol.cxx" />
		<Unit filename="../../src/cxyz.cxx" />
		<Unit filename="../../src/czmat.cxx" />
		<Unit filename="../../src/fl_gl_atom.cxx" />
		<Unit filename="../../src/fl_gl_mol_view.cxx" />
		<Unit filename="../../src/fl_table.cxx" />
		<Unit filename="../../src/fl_xmol_view.cxx" />
		<Unit filename="../../src/sphere.cxx" />
		<Unit filename="../../src/xmolview.cxx" />
		<Unit filename="version.h" />
		<Extensions>
			<code_completion />
			<envvars />
			<debugger />
			<lib_finder disable_auto="1" />
			<AutoVersioning>
				<Scheme minor_max="10" build_max="0" rev_max="0" rev_rand_max="10" build_times_to_increment_minor="100" />
				<Settings autoincrement="1" date_declarations="1" use_define="0" update_manifest="0" do_auto_increment="0" ask_to_increment="0" language="C++" svn="0" svn_directory="" header_path="..\..\include\version.h" />
				<Changes_Log show_changes_editor="0" app_title="released version %M.%m.%b of %p" changeslog_path="ChangesLog.txt" />
				<Code header_guard="VERSION_H" namespace="AutoVersion" prefix="" />
			</AutoVersioning>
			<DoxyBlocks>
				<comment_style block="0" line="0" />
				<doxyfile_project use_auto_version="1" />
				<doxyfile_build />
				<doxyfile_warnings />
				<doxyfile_output />
				<doxyfile_dot />
				<general />
			</DoxyBlocks>
		</Extensions>
	</Project>
</CodeBlocks_project_file>
